
Microsoft Visual Studio Solution File, Format Version 12.00
# Visual Studio Version 17
VisualStudioVersion = 17.1.32328.378
MinimumVisualStudioVersion = 10.0.40219.1
Project("{8BC9CEB8-8B4A-11D0-8D11-00A0C91BC942}") = "Solution_2", "Solution_2\Solution_2.vcxproj", "{AB8EDE9B-12C9-4B7E-90CB-6C8821ACF092}"
EndProject
Global
	GlobalSection(SolutionConfigurationPlatforms) = preSolution
		Debug|x64 = Debug|x64
		Debug|x86 = Debug|x86
		Release|x64 = Release|x64
		Release|x86 = Release|x86
	EndGlobalSection
	GlobalSection(ProjectConfigurationPlatforms) = postSolution
		{AB8EDE9B-12C9-4B7E-90CB-6C8821ACF092}.Debug|x64.ActiveCfg = Debug|x64
		{AB8EDE9B-12C9-4B7E-90CB-6C8821ACF092}.Debug|x64.Build.0 = Debug|x64
		{AB8EDE9B-12C9-4B7E-90CB-6C8821ACF092}.Debug|x86.ActiveCfg = Debug|Win32
		{AB8EDE9B-12C9-4B7E-90CB-6C8821ACF092}.Debug|x86.Build.0 = Debug|Win32
		{AB8EDE9B-12C9-4B7E-90CB-6C8821ACF092}.Release|x64.ActiveCfg = Release|x64
		{AB8EDE9B-12C9-4B7E-90CB-6C8821ACF092}.Release|x64.Build.0 = Release|x64
		{AB8EDE9B-12C9-4B7E-90CB-6C8821ACF092}.Release|x86.ActiveCfg = Release|Win32
		{AB8EDE9B-12C9-4B7E-90CB-6C8821ACF092}.Release|x86.Build.0 = Release|Win32
	EndGlobalSection
	GlobalSection(SolutionProperties) = preSolution
		HideSolutionNode = FALSE
	EndGlobalSection
	GlobalSection(ExtensibilityGlobals) = postSolution
		SolutionGuid = {F49EFE5F-A21B-43CB-A285-D5ABFCA38733}
	EndGlobalSection
EndGlobal
